
Microsoft Visual Studio Solution File, Format Version 12.00
# Visual Studio Version 16
VisualStudioVersion = 16.0.31729.503
MinimumVisualStudioVersion = 10.0.40219.1
Project("{8BC9CEB8-8B4A-11D0-8D11-00A0C91BC942}") = "MyArray", "MyArray.vcxproj", "{54A18B5E-9D51-4865-A623-CACCFBD28A98}"
EndProject
Global
	GlobalSection(SolutionConfigurationPlatforms) = preSolution
		Debug|x64 = Debug|x64
		Debug|x86 = Debug|x86
		Release|x64 = Release|x64
		Release|x86 = Release|x86
	EndGlobalSection
	GlobalSection(ProjectConfigurationPlatforms) = postSolution
		{54A18B5E-9D51-4865-A623-CACCFBD28A98}.Debug|x64.ActiveCfg = Debug|x64
		{54A18B5E-9D51-4865-A623-CACCFBD28A98}.Debug|x64.Build.0 = Debug|x64
		{54A18B5E-9D51-4865-A623-CACCFBD28A98}.Debug|x86.ActiveCfg = Debug|Win32
		{54A18B5E-9D51-4865-A623-CACCFBD28A98}.Debug|x86.Build.0 = Debug|Win32
		{54A18B5E-9D51-4865-A623-CACCFBD28A98}.Release|x64.ActiveCfg = Release|x64
		{54A18B5E-9D51-4865-A623-CACCFBD28A98}.Release|x64.Build.0 = Release|x64
		{54A18B5E-9D51-4865-A623-CACCFBD28A98}.Release|x86.ActiveCfg = Release|Win32
		{54A18B5E-9D51-4865-A623-CACCFBD28A98}.Release|x86.Build.0 = Release|Win32
	EndGlobalSection
	GlobalSection(SolutionProperties) = preSolution
		HideSolutionNode = FALSE
	EndGlobalSection
	GlobalSection(ExtensibilityGlobals) = postSolution
		SolutionGuid = {EE68E0CD-17B7-4EF4-B61A-DAFA7006FC97}
	EndGlobalSection
EndGlobal
